// !$*UTF8*$!
{
	archiveVersion = 1;
	classes = {
	};
	objectVersion = 56;
	objects = {

/* Begin PBXBuildFile section */
		F959BA4E2A8F038E00A1AFEE /* AppDelegate.swift in Sources */ = {isa = PBXBuildFile; fileRef = F959BA4D2A8F038E00A1AFEE /* AppDelegate.swift */; };
		F959BA502A8F038E00A1AFEE /* SceneDelegate.swift in Sources */ = {isa = PBXBuildFile; fileRef = F959BA4F2A8F038E00A1AFEE /* SceneDelegate.swift */; };
		F959BA522A8F038E00A1AFEE /* ViewController.swift in Sources */ = {isa = PBXBuildFile; fileRef = F959BA512A8F038E00A1AFEE /* ViewController.swift */; };
		F959BA552A8F038E00A1AFEE /* Main.storyboard in Resources */ = {isa = PBXBuildFile; fileRef = F959BA532A8F038E00A1AFEE /* Main.storyboard */; };
		F959BA572A8F038F00A1AFEE /* Assets.xcassets in Resources */ = {isa = PBXBuildFile; fileRef = F959BA562A8F038F00A1AFEE /* Assets.xcassets */; };
		F959BA5A2A8F038F00A1AFEE /* LaunchScreen.storyboard in Resources */ = {isa = PBXBuildFile; fileRef = F959BA582A8F038F00A1AFEE /* LaunchScreen.storyboard */; };
		F959BA682A8F073900A1AFEE /* ViewController2.swift in Sources */ = {isa = PBXBuildFile; fileRef = F959BA672A8F073900A1AFEE /* ViewController2.swift */; };
		F959BA6A2A8F096400A1AFEE /* ViewController3.swift in Sources */ = {isa = PBXBuildFile; fileRef = F959BA692A8F096400A1AFEE /* ViewController3.swift */; };
/* End PBXBuildFile section */

/* Begin PBXFileReference section */
		F959BA4A2A8F038E00A1AFEE /* tab-bar-controller.app */ = {isa = PBXFileReference; explicitFileType = wrapper.application; includeInIndex = 0; path = "tab-bar-controller.app"; sourceTree = BUILT_PRODUCTS_DIR; };
		F959BA4D2A8F038E00A1AFEE /* AppDelegate.swift */ = {isa = PBXFileReference; lastKnownFileType = sourcecode.swift; path = AppDelegate.swift; sourceTree = "<group>"; };
		F959BA4F2A8F038E00A1AFEE /* SceneDelegate.swift */ = {isa = PBXFileReference; lastKnownFileType = sourcecode.swift; path = SceneDelegate.swift; sourceTree = "<group>"; };
		F959BA512A8F038E00A1AFEE /* ViewController.swift */ = {isa = PBXFileReference; lastKnownFileType = sourcecode.swift; path = ViewController.swift; sourceTree = "<group>"; };
		F959BA542A8F038E00A1AFEE /* Base */ = {isa = PBXFileReference; lastKnownFileType = file.storyboard; name = Base; path = Base.lproj/Main.storyboard; sourceTree = "<group>"; };
		F959BA562A8F038F00A1AFEE /* Assets.xcassets */ = {isa = PBXFileReference; lastKnownFileType = folder.assetcatalog; path = Assets.xcassets; sourceTree = "<group>"; };
		F959BA592A8F038F00A1AFEE /* Base */ = {isa = PBXFileReference; lastKnownFileType = file.storyboard; name = Base; path = Base.lproj/LaunchScreen.storyboard; sourceTree = "<group>"; };
		F959BA5B2A8F038F00A1AFEE /* Info.plist */ = {isa = PBXFileReference; lastKnownFileType = text.plist.xml; path = Info.plist; sourceTree = "<group>"; };
		F959BA672A8F073900A1AFEE /* ViewController2.swift */ = {isa = PBXFileReference; lastKnownFileType = sourcecode.swift; path = ViewController2.swift; sourceTree = "<group>"; };
		F959BA692A8F096400A1AFEE /* ViewController3.swift */ = {isa = PBXFileReference; lastKnownFileType = sourcecode.swift; path = ViewController3.swift; sourceTree = "<group>"; };
/* End PBXFileReference section */

/* Begin PBXFrameworksBuildPhase section */
		F959BA472A8F038E00A1AFEE /* Frameworks */ = {
			isa = PBXFrameworksBuildPhase;
			buildActionMask = 2147483647;
			files = (
			);
			runOnlyForDeploymentPostprocessing = 0;
		};
/* End PBXFrameworksBuildPhase section */

/* Begin PBXGroup section */
		F959BA412A8F038E00A1AFEE = {
			isa = PBXGroup;
			children = (
				F959BA4C2A8F038E00A1AFEE /* tab-bar-controller */,
				F959BA4B2A8F038E00A1AFEE /* Products */,
			);
			sourceTree = "<group>";
		};
		F959BA4B2A8F038E00A1AFEE /* Products */ = {
			isa = PBXGroup;
			children = (
				F959BA4A2A8F038E00A1AFEE /* tab-bar-controller.app */,
			);
			name = Products;
			sourceTree = "<group>";
		};
		F959BA4C2A8F038E00A1AFEE /* tab-bar-controller */ = {
			isa = PBXGroup;
			children = (
				F959BA4D2A8F038E00A1AFEE /* AppDelegate.swift */,
				F959BA4F2A8F038E00A1AFEE /* SceneDelegate.swift */,
				F959BA512A8F038E00A1AFEE /* ViewController.swift */,
				F959BA532A8F038E00A1AFEE /* Main.storyboard */,
				F959BA692A8F096400A1AFEE /* ViewController3.swift */,
				F959BA672A8F073900A1AFEE /* ViewController2.swift */,
				F959BA562A8F038F00A1AFEE /* Assets.xcassets */,
				F959BA582A8F038F00A1AFEE /* LaunchScreen.storyboard */,
				F959BA5B2A8F038F00A1AFEE /* Info.plist */,
			);
			path = "tab-bar-controller";
			sourceTree = "<group>";
		};
/* End PBXGroup section */

/* Begin PBXNativeTarget section */
		F959BA492A8F038E00A1AFEE /* tab-bar-controller */ = {
			isa = PBXNativeTarget;
			buildConfigurationList = F959BA5E2A8F038F00A1AFEE /* Build configuration list for PBXNativeTarget "tab-bar-controller" */;
			buildPhases = (
				F959BA462A8F038E00A1AFEE /* Sources */,
				F959BA472A8F038E00A1AFEE /* Frameworks */,
				F959BA482A8F038E00A1AFEE /* Resources */,
			);
			buildRules = (
			);
			dependencies = (
			);
			name = "tab-bar-controller";
			productName = "tab-bar-controller";
			productReference = F959BA4A2A8F038E00A1AFEE /* tab-bar-controller.app */;
			productType = "com.apple.product-type.application";
		};
/* End PBXNativeTarget section */

/* Begin PBXProject section */
		F959BA422A8F038E00A1AFEE /* Project object */ = {
			isa = PBXProject;
			attributes = {
				BuildIndependentTargetsInParallel = 1;
				LastSwiftUpdateCheck = 1430;
				LastUpgradeCheck = 1430;
				TargetAttributes = {
					F959BA492A8F038E00A1AFEE = {
						CreatedOnToolsVersion = 14.3.1;
					};
				};
			};
			buildConfigurationList = F959BA452A8F038E00A1AFEE /* Build configuration list for PBXProject "tab-bar-controller" */;
			compatibilityVersion = "Xcode 14.0";
			developmentRegion = en;
			hasScannedForEncodings = 0;
			knownRegions = (
				en,
				Base,
			);
			mainGroup = F959BA412A8F038E00A1AFEE;
			productRefGroup = F959BA4B2A8F038E00A1AFEE /* Products */;
			projectDirPath = "";
			projectRoot = "";
			targets = (
				F959BA492A8F038E00A1AFEE /* tab-bar-controller */,
			);
		};
/* End PBXProject section */

/* Begin PBXResourcesBuildPhase section */
		F959BA482A8F038E00A1AFEE /* Resources */ = {
			isa = PBXResourcesBuildPhase;
			buildActionMask = 2147483647;
			files = (
				F959BA5A2A8F038F00A1AFEE /* LaunchScreen.storyboard in Resources */,
				F959BA572A8F038F00A1AFEE /* Assets.xcassets in Resources */,
				F959BA552A8F038E00A1AFEE /* Main.storyboard in Resources */,
			);
			runOnlyForDeploymentPostprocessing = 0;
		};
/* End PBXResourcesBuildPhase section */

/* Begin PBXSourcesBuildPhase section */
		F959BA462A8F038E00A1AFEE /* Sources */ = {
			isa = PBXSourcesBuildPhase;
			buildActionMask = 2147483647;
			files = (
				F959BA6A2A8F096400A1AFEE /* ViewController3.swift in Sources */,
				F959BA522A8F038E00A1AFEE /* ViewController.swift in Sources */,
				F959BA682A8F073900A1AFEE /* ViewController2.swift in Sources */,
				F959BA4E2A8F038E00A1AFEE /* AppDelegate.swift in Sources */,
				F959BA502A8F038E00A1AFEE /* SceneDelegate.swift in Sources */,
			);
			runOnlyForDeploymentPostprocessing = 0;
		};
/* End PBXSourcesBuildPhase section */

/* Begin PBXVariantGroup section */
		F959BA532A8F038E00A1AFEE /* Main.storyboard */ = {
			isa = PBXVariantGroup;
			children = (
				F959BA542A8F038E00A1AFEE /* Base */,
			);
			name = Main.storyboard;
			sourceTree = "<group>";
		};
		F959BA582A8F038F00A1AFEE /* LaunchScreen.storyboard */ = {
			isa = PBXVariantGroup;
			children = (
				F959BA592A8F038F00A1AFEE /* Base */,
			);
			name = LaunchScreen.storyboard;
			sourceTree = "<group>";
		};
/* End PBXVariantGroup section */

/* Begin XCBuildConfiguration section */
		F959BA5C2A8F038F00A1AFEE /* Debug */ = {
			isa = XCBuildConfiguration;
			buildSettings = {
				ALWAYS_SEARCH_USER_PATHS = NO;
				CLANG_ANALYZER_NONNULL = YES;
				CLANG_ANALYZER_NUMBER_OBJECT_CONVERSION = YES_AGGRESSIVE;
				CLANG_CXX_LANGUAGE_STANDARD = "gnu++20";
				CLANG_ENABLE_MODULES = YES;
				CLANG_ENABLE_OBJC_ARC = YES;
				CLANG_ENABLE_OBJC_WEAK = YES;
				CLANG_WARN_BLOCK_CAPTURE_AUTORELEASING = YES;
				CLANG_WARN_BOOL_CONVERSION = YES;
				CLANG_WARN_COMMA = YES;
				CLANG_WARN_CONSTANT_CONVERSION = YES;
				CLANG_WARN_DEPRECATED_OBJC_IMPLEMENTATIONS = YES;
				CLANG_WARN_DIRECT_OBJC_ISA_USAGE = YES_ERROR;
				CLANG_WARN_DOCUMENTATION_COMMENTS = YES;
				CLANG_WARN_EMPTY_BODY = YES;
				CLANG_WARN_ENUM_CONVERSION = YES;
				CLANG_WARN_INFINITE_RECURSION = YES;
				CLANG_WARN_INT_CONVERSION = YES;
				CLANG_WARN_NON_LITERAL_NULL_CONVERSION = YES;
				CLANG_WARN_OBJC_IMPLICIT_RETAIN_SELF = YES;
				CLANG_WARN_OBJC_LITERAL_CONVERSION = YES;
				CLANG_WARN_OBJC_ROOT_CLASS = YES_ERROR;
				CLANG_WARN_QUOTED_INCLUDE_IN_FRAMEWORK_HEADER = YES;
				CLANG_WARN_RANGE_LOOP_ANALYSIS = YES;
				CLANG_WARN_STRICT_PROTOTYPES = YES;
				CLANG_WARN_SUSPICIOUS_MOVE = YES;
				CLANG_WARN_UNGUARDED_AVAILABILITY = YES_AGGRESSIVE;
				CLANG_WARN_UNREACHABLE_CODE = YES;
				CLANG_WARN__DUPLICATE_METHOD_MATCH = YES;
				COPY_PHASE_STRIP = NO;
				DEBUG_INFORMATION_FORMAT = dwarf;
				ENABLE_STRICT_OBJC_MSGSEND = YES;
				ENABLE_TESTABILITY = YES;
				GCC_C_LANGUAGE_STANDARD = gnu11;
				GCC_DYNAMIC_NO_PIC = NO;
				GCC_NO_COMMON_BLOCKS = YES;
				GCC_OPTIMIZATION_LEVEL = 0;
				GCC_PREPROCESSOR_DEFINITIONS = (
					"DEBUG=1",
					"$(inherited)",
				);
				GCC_WARN_64_TO_32_BIT_CONVERSION = YES;
				GCC_WARN_ABOUT_RETURN_TYPE = YES_ERROR;
				GCC_WARN_UNDECLARED_SELECTOR = YES;
				GCC_WARN_UNINITIALIZED_AUTOS = YES_AGGRESSIVE;
				GCC_WARN_UNUSED_FUNCTION = YES;
				GCC_WARN_UNUSED_VARIABLE = YES;
				IPHONEOS_DEPLOYMENT_TARGET = 16.4;
				MTL_ENABLE_DEBUG_INFO = INCLUDE_SOURCE;
				MTL_FAST_MATH = YES;
				ONLY_ACTIVE_ARCH = YES;
				SDKROOT = iphoneos;
				SWIFT_ACTIVE_COMPILATION_CONDITIONS = DEBUG;
				SWIFT_OPTIMIZATION_LEVEL = "-Onone";
			};
			name = Debug;
		};
		F959BA5D2A8F038F00A1AFEE /* Release */ = {
			isa = XCBuildConfiguration;
			buildSettings = {
				ALWAYS_SEARCH_USER_PATHS = NO;
				CLANG_ANALYZER_NONNULL = YES;
				CLANG_ANALYZER_NUMBER_OBJECT_CONVERSION = YES_AGGRESSIVE;
				CLANG_CXX_LANGUAGE_STANDARD = "gnu++20";
				CLANG_ENABLE_MODULES = YES;
				CLANG_ENABLE_OBJC_ARC = YES;
				CLANG_ENABLE_OBJC_WEAK = YES;
				CLANG_WARN_BLOCK_CAPTURE_AUTORELEASING = YES;
				CLANG_WARN_BOOL_CONVERSION = YES;
				CLANG_WARN_COMMA = YES;
				CLANG_WARN_CONSTANT_CONVERSION = YES;
				CLANG_WARN_DEPRECATED_OBJC_IMPLEMENTATIONS = YES;
				CLANG_WARN_DIRECT_OBJC_ISA_USAGE = YES_ERROR;
				CLANG_WARN_DOCUMENTATION_COMMENTS = YES;
				CLANG_WARN_EMPTY_BODY = YES;
				CLANG_WARN_ENUM_CONVERSION = YES;
				CLANG_WARN_INFINITE_RECURSION = YES;
				CLANG_WARN_INT_CONVERSION = YES;
				CLANG_WARN_NON_LITERAL_NULL_CONVERSION = YES;
				CLANG_WARN_OBJC_IMPLICIT_RETAIN_SELF = YES;
				CLANG_WARN_OBJC_LITERAL_CONVERSION = YES;
				CLANG_WARN_OBJC_ROOT_CLASS = YES_ERROR;
				CLANG_WARN_QUOTED_INCLUDE_IN_FRAMEWORK_HEADER = YES;
				CLANG_WARN_RANGE_LOOP_ANALYSIS = YES;
				CLANG_WARN_STRICT_PROTOTYPES = YES;
				CLANG_WARN_SUSPICIOUS_MOVE = YES;
				CLANG_WARN_UNGUARDED_AVAILABILITY = YES_AGGRESSIVE;
				CLANG_WARN_UNREACHABLE_CODE = YES;
				CLANG_WARN__DUPLICATE_METHOD_MATCH = YES;
				COPY_PHASE_STRIP = NO;
				DEBUG_INFORMATION_FORMAT = "dwarf-with-dsym";
				ENABLE_NS_ASSERTIONS = NO;
				ENABLE_STRICT_OBJC_MSGSEND = YES;
				GCC_C_LANGUAGE_STANDARD = gnu11;
				GCC_NO_COMMON_BLOCKS = YES;
				GCC_WARN_64_TO_32_BIT_CONVERSION = YES;
				GCC_WARN_ABOUT_RETURN_TYPE = YES_ERROR;
				GCC_WARN_UNDECLARED_SELECTOR = YES;
				GCC_WARN_UNINITIALIZED_AUTOS = YES_AGGRESSIVE;
				GCC_WARN_UNUSED_FUNCTION = YES;
				GCC_WARN_UNUSED_VARIABLE = YES;
				IPHONEOS_DEPLOYMENT_TARGET = 16.4;
				MTL_ENABLE_DEBUG_INFO = NO;
				MTL_FAST_MATH = YES;
				SDKROOT = iphoneos;
				SWIFT_COMPILATION_MODE = wholemodule;
				SWIFT_OPTIMIZATION_LEVEL = "-O";
				VALIDATE_PRODUCT = YES;
			};
			name = Release;
		};
		F959BA5F2A8F038F00A1AFEE /* Debug */ = {
			isa = XCBuildConfiguration;
			buildSettings = {
				ASSETCATALOG_COMPILER_APPICON_NAME = AppIcon;
				ASSETCATALOG_COMPILER_GLOBAL_ACCENT_COLOR_NAME = AccentColor;
				CODE_SIGN_STYLE = Automatic;
				CURRENT_PROJECT_VERSION = 1;
				GENERATE_INFOPLIST_FILE = YES;
				INFOPLIST_FILE = "tab-bar-controller/Info.plist";
				INFOPLIST_KEY_UIApplicationSupportsIndirectInputEvents = YES;
				INFOPLIST_KEY_UILaunchStoryboardName = LaunchScreen;
				INFOPLIST_KEY_UIMainStoryboardFile = Main;
				INFOPLIST_KEY_UISupportedInterfaceOrientations_iPad = "UIInterfaceOrientationPortrait UIInterfaceOrientationPortraitUpsideDown UIInterfaceOrientationLandscapeLeft UIInterfaceOrientationLandscapeRight";
				INFOPLIST_KEY_UISupportedInterfaceOrientations_iPhone = "UIInterfaceOrientationPortrait UIInterfaceOrientationLandscapeLeft UIInterfaceOrientationLandscapeRight";
				LD_RUNPATH_SEARCH_PATHS = (
					"$(inherited)",
					"@executable_path/Frameworks",
				);
				MARKETING_VERSION = 1.0;
				PRODUCT_BUNDLE_IDENTIFIER = "com.leeyebeen.tab-bar-controller";
				PRODUCT_NAME = "$(TARGET_NAME)";
				SWIFT_EMIT_LOC_STRINGS = YES;
				SWIFT_VERSION = 5.0;
				TARGETED_DEVICE_FAMILY = "1,2";
			};
			name = Debug;
		};
		F959BA602A8F038F00A1AFEE /* Release */ = {
			isa = XCBuildConfiguration;
			buildSettings = {
				ASSETCATALOG_COMPILER_APPICON_NAME = AppIcon;
				ASSETCATALOG_COMPILER_GLOBAL_ACCENT_COLOR_NAME = AccentColor;
				CODE_SIGN_STYLE = Automatic;
				CURRENT_PROJECT_VERSION = 1;
				GENERATE_INFOPLIST_FILE = YES;
				INFOPLIST_FILE = "tab-bar-controller/Info.plist";
				INFOPLIST_KEY_UIApplicationSupportsIndirectInputEvents = YES;
				INFOPLIST_KEY_UILaunchStoryboardName = LaunchScreen;
				INFOPLIST_KEY_UIMainStoryboardFile = Main;
				INFOPLIST_KEY_UISupportedInterfaceOrientations_iPad = "UIInterfaceOrientationPortrait UIInterfaceOrientationPortraitUpsideDown UIInterfaceOrientationLandscapeLeft UIInterfaceOrientationLandscapeRight";
				INFOPLIST_KEY_UISupportedInterfaceOrientations_iPhone = "UIInterfaceOrientationPortrait UIInterfaceOrientationLandscapeLeft UIInterfaceOrientationLandscapeRight";
				LD_RUNPATH_SEARCH_PATHS = (
					"$(inherited)",
					"@executable_path/Frameworks",
				);
				MARKETING_VERSION = 1.0;
				PRODUCT_BUNDLE_IDENTIFIER = "com.leeyebeen.tab-bar-controller";
				PRODUCT_NAME = "$(TARGET_NAME)";
				SWIFT_EMIT_LOC_STRINGS = YES;
				SWIFT_VERSION = 5.0;
				TARGETED_DEVICE_FAMILY = "1,2";
			};
			name = Release;
		};
/* End XCBuildConfiguration section */

/* Begin XCConfigurationList section */
		F959BA452A8F038E00A1AFEE /* Build configuration list for PBXProject "tab-bar-controller" */ = {
			isa = XCConfigurationList;
			buildConfigurations = (
				F959BA5C2A8F038F00A1AFEE /* Debug */,
				F959BA5D2A8F038F00A1AFEE /* Release */,
			);
			defaultConfigurationIsVisible = 0;
			defaultConfigurationName = Release;
		};
		F959BA5E2A8F038F00A1AFEE /* Build configuration list for PBXNativeTarget "tab-bar-controller" */ = {
			isa = XCConfigurationList;
			buildConfigurations = (
				F959BA5F2A8F038F00A1AFEE /* Debug */,
				F959BA602A8F038F00A1AFEE /* Release */,
			);
			defaultConfigurationIsVisible = 0;
			defaultConfigurationName = Release;
		};
/* End XCConfigurationList section */
	};
	rootObject = F959BA422A8F038E00A1AFEE /* Project object */;
}
